github.com/go-chi/chi/v5 v5.3.0 h1:halUjDxhshgXHMrao5bB8eNBXo/rnzwr8m5m36glehM=
github.com/go-chi/chi/v5 v5.3.0/go.mod h1:R+tYY2hNuVUUjxoPtqUdgBqevM9s9njzkTLutVsOCto=
github.com/kusold/grove v0.0.0-20260606044854-5a192addc8fb h1:zi3Xf0w/uXS9M3fdx2/EZHYdE1BA1RAjNdVRY6oLWTM=
github.com/kusold/grove v0.0.0-20260606044854-5a192addc8fb/go.mod h1:qNCoKcvx3qj4QlS3+WCxb07CVeyN7gOWPYfTY0Vsudo=
